# THIS IS AN AUTOGENERATED FILE. DO NOT EDIT THIS FILE DIRECTLY.
# yarn lockfile v1


bootstrap-icons@^1.10.2:
  version "1.10.2"
  resolved "https://registry.yarnpkg.com/bootstrap-icons/-/bootstrap-icons-1.10.2.tgz#6a5729e0475e007ed82d752225645e4e6fec48d7"
  integrity sha512-PTPYadRn1AMGr+QTSxe4ZCc+Wzv9DGZxbi3lNse/dajqV31n2/wl/7NX78ZpkvFgRNmH4ogdIQPQmxAfhEV6nA==

bootstrap@5.2.3:
  version "5.2.3"
  resolved "https://registry.yarnpkg.com/bootstrap/-/bootstrap-5.2.3.tgz#54739f4414de121b9785c5da3c87b37ff008322b"
  integrity sha512-cEKPM+fwb3cT8NzQZYEu4HilJ3anCrWqh3CHAok1p9jXqMPsPTBhU25fBckEJHJ/p+tTxTFTsFQGM+gaHpi3QQ==
